// !$*UTF8*$!
{
	archiveVersion = 1;
	classes = {
	};
	objectVersion = 50;
	objects = {

/* Begin PBXBuildFile section */
		179C566025DAA5F6003507D1 /* MyLibraryApp.swift in Sources */ = {isa = PBXBuildFile; fileRef = 179C565F25DAA5F6003507D1 /* MyLibraryApp.swift */; };
		179C566425DAA5F7003507D1 /* Assets.xcassets in Resources */ = {isa = PBXBuildFile; fileRef = 179C566325DAA5F7003507D1 /* Assets.xcassets */; };
		179C566725DAA5F7003507D1 /* Preview Assets.xcassets in Resources */ = {isa = PBXBuildFile; fileRef = 179C566625DAA5F7003507D1 /* Preview Assets.xcassets */; };
		179C567025DAA60B003507D1 /* Book.swift in Sources */ = {isa = PBXBuildFile; fileRef = 179C566F25DAA60B003507D1 /* Book.swift */; };
		179C567725DAA726003507D1 /* BookList.swift in Sources */ = {isa = PBXBuildFile; fileRef = 179C567625DAA726003507D1 /* BookList.swift */; };
		179C567A25DAA750003507D1 /* BookRow.swift in Sources */ = {isa = PBXBuildFile; fileRef = 179C567925DAA750003507D1 /* BookRow.swift */; };
		179C567D25DAA7A8003507D1 /* DataBooks.swift in Sources */ = {isa = PBXBuildFile; fileRef = 179C567C25DAA7A8003507D1 /* DataBooks.swift */; };
		179C568225DAA9E2003507D1 /* BooksViewModel.swift in Sources */ = {isa = PBXBuildFile; fileRef = 179C568125DAA9E2003507D1 /* BooksViewModel.swift */; };
/* End PBXBuildFile section */

/* Begin PBXFileReference section */
		179C565C25DAA5F6003507D1 /* MyLibrary.app */ = {isa = PBXFileReference; explicitFileType = wrapper.application; includeInIndex = 0; path = MyLibrary.app; sourceTree = BUILT_PRODUCTS_DIR; };
		179C565F25DAA5F6003507D1 /* MyLibraryApp.swift */ = {isa = PBXFileReference; lastKnownFileType = sourcecode.swift; path = MyLibraryApp.swift; sourceTree = "<group>"; };
		179C566325DAA5F7003507D1 /* Assets.xcassets */ = {isa = PBXFileReference; lastKnownFileType = folder.assetcatalog; path = Assets.xcassets; sourceTree = "<group>"; };
		179C566625DAA5F7003507D1 /* Preview Assets.xcassets */ = {isa = PBXFileReference; lastKnownFileType = folder.assetcatalog; path = "Preview Assets.xcassets"; sourceTree = "<group>"; };
		179C566825DAA5F7003507D1 /* Info.plist */ = {isa = PBXFileReference; lastKnownFileType = text.plist.xml; path = Info.plist; sourceTree = "<group>"; };
		179C566F25DAA60B003507D1 /* Book.swift */ = {isa = PBXFileReference; lastKnownFileType = sourcecode.swift; path = Book.swift; sourceTree = "<group>"; };
		179C567625DAA726003507D1 /* BookList.swift */ = {isa = PBXFileReference; lastKnownFileType = sourcecode.swift; path = BookList.swift; sourceTree = "<group>"; };
		179C567925DAA750003507D1 /* BookRow.swift */ = {isa = PBXFileReference; lastKnownFileType = sourcecode.swift; path = BookRow.swift; sourceTree = "<group>"; };
		179C567C25DAA7A8003507D1 /* DataBooks.swift */ = {isa = PBXFileReference; lastKnownFileType = sourcecode.swift; path = DataBooks.swift; sourceTree = "<group>"; };
		179C568125DAA9E2003507D1 /* BooksViewModel.swift */ = {isa = PBXFileReference; lastKnownFileType = sourcecode.swift; path = BooksViewModel.swift; sourceTree = "<group>"; };
/* End PBXFileReference section */

/* Begin PBXFrameworksBuildPhase section */
		179C565925DAA5F6003507D1 /* Frameworks */ = {
			isa = PBXFrameworksBuildPhase;
			buildActionMask = 2147483647;
			files = (
			);
			runOnlyForDeploymentPostprocessing = 0;
		};
/* End PBXFrameworksBuildPhase section */

/* Begin PBXGroup section */
		179C565325DAA5F6003507D1 = {
			isa = PBXGroup;
			children = (
				179C565E25DAA5F6003507D1 /* MyLibrary */,
				179C565D25DAA5F6003507D1 /* Products */,
			);
			sourceTree = "<group>";
		};
		179C565D25DAA5F6003507D1 /* Products */ = {
			isa = PBXGroup;
			children = (
				179C565C25DAA5F6003507D1 /* MyLibrary.app */,
			);
			name = Products;
			sourceTree = "<group>";
		};
		179C565E25DAA5F6003507D1 /* MyLibrary */ = {
			isa = PBXGroup;
			children = (
				179C568725DAD66F003507D1 /* Supporting Files */,
				179C568425DAD5AD003507D1 /* View */,
				179C568525DAD5D8003507D1 /* ViewModel */,
				179C568625DAD5ED003507D1 /* Model */,
				179C566325DAA5F7003507D1 /* Assets.xcassets */,
				179C566825DAA5F7003507D1 /* Info.plist */,
				179C566525DAA5F7003507D1 /* Preview Content */,
			);
			path = MyLibrary;
			sourceTree = "<group>";
		};
		179C566525DAA5F7003507D1 /* Preview Content */ = {
			isa = PBXGroup;
			children = (
				179C566625DAA5F7003507D1 /* Preview Assets.xcassets */,
			);
			path = "Preview Content";
			sourceTree = "<group>";
		};
		179C568425DAD5AD003507D1 /* View */ = {
			isa = PBXGroup;
			children = (
				179C567625DAA726003507D1 /* BookList.swift */,
				179C567925DAA750003507D1 /* BookRow.swift */,
			);
			path = View;
			sourceTree = "<group>";
		};
		179C568525DAD5D8003507D1 /* ViewModel */ = {
			isa = PBXGroup;
			children = (
				179C568125DAA9E2003507D1 /* BooksViewModel.swift */,
			);
			path = ViewModel;
			sourceTree = "<group>";
		};
		179C568625DAD5ED003507D1 /* Model */ = {
			isa = PBXGroup;
			children = (
				179C566F25DAA60B003507D1 /* Book.swift */,
				179C567C25DAA7A8003507D1 /* DataBooks.swift */,
			);
			path = Model;
			sourceTree = "<group>";
		};
		179C568725DAD66F003507D1 /* Supporting Files */ = {
			isa = PBXGroup;
			children = (
				179C565F25DAA5F6003507D1 /* MyLibraryApp.swift */,
			);
			path = "Supporting Files";
			sourceTree = "<group>";
		};
/* End PBXGroup section */

/* Begin PBXNativeTarget section */
		179C565B25DAA5F6003507D1 /* MyLibrary */ = {
			isa = PBXNativeTarget;
			buildConfigurationList = 179C566B25DAA5F7003507D1 /* Build configuration list for PBXNativeTarget "MyLibrary" */;
			buildPhases = (
				179C565825DAA5F6003507D1 /* Sources */,
				179C565925DAA5F6003507D1 /* Frameworks */,
				179C565A25DAA5F6003507D1 /* Resources */,
			);
			buildRules = (
			);
			dependencies = (
			);
			name = MyLibrary;
			productName = MyLibrary;
			productReference = 179C565C25DAA5F6003507D1 /* MyLibrary.app */;
			productType = "com.apple.product-type.application";
		};
/* End PBXNativeTarget section */

/* Begin PBXProject section */
		179C565425DAA5F6003507D1 /* Project object */ = {
			isa = PBXProject;
			attributes = {
				LastSwiftUpdateCheck = 1240;
				LastUpgradeCheck = 1240;
				TargetAttributes = {
					179C565B25DAA5F6003507D1 = {
						CreatedOnToolsVersion = 12.4;
					};
				};
			};
			buildConfigurationList = 179C565725DAA5F6003507D1 /* Build configuration list for PBXProject "MyLibrary" */;
			compatibilityVersion = "Xcode 9.3";
			developmentRegion = en;
			hasScannedForEncodings = 0;
			knownRegions = (
				en,
				Base,
			);
			mainGroup = 179C565325DAA5F6003507D1;
			productRefGroup = 179C565D25DAA5F6003507D1 /* Products */;
			projectDirPath = "";
			projectRoot = "";
			targets = (
				179C565B25DAA5F6003507D1 /* MyLibrary */,
			);
		};
/* End PBXProject section */

/* Begin PBXResourcesBuildPhase section */
		179C565A25DAA5F6003507D1 /* Resources */ = {
			isa = PBXResourcesBuildPhase;
			buildActionMask = 2147483647;
			files = (
				179C566725DAA5F7003507D1 /* Preview Assets.xcassets in Resources */,
				179C566425DAA5F7003507D1 /* Assets.xcassets in Resources */,
			);
			runOnlyForDeploymentPostprocessing = 0;
		};
/* End PBXResourcesBuildPhase section */

/* Begin PBXSourcesBuildPhase section */
		179C565825DAA5F6003507D1 /* Sources */ = {
			isa = PBXSourcesBuildPhase;
			buildActionMask = 2147483647;
			files = (
				179C567725DAA726003507D1 /* BookList.swift in Sources */,
				179C568225DAA9E2003507D1 /* BooksViewModel.swift in Sources */,
				179C567A25DAA750003507D1 /* BookRow.swift in Sources */,
				179C566025DAA5F6003507D1 /* MyLibraryApp.swift in Sources */,
				179C567D25DAA7A8003507D1 /* DataBooks.swift in Sources */,
				179C567025DAA60B003507D1 /* Book.swift in Sources */,
			);
			runOnlyForDeploymentPostprocessing = 0;
		};
/* End PBXSourcesBuildPhase section */

/* Begin XCBuildConfiguration section */
		179C566925DAA5F7003507D1 /* Debug */ = {
			isa = XCBuildConfiguration;
			buildSettings = {
				ALWAYS_SEARCH_USER_PATHS = NO;
				CLANG_ANALYZER_NONNULL = YES;
				CLANG_ANALYZER_NUMBER_OBJECT_CONVERSION = YES_AGGRESSIVE;
				CLANG_CXX_LANGUAGE_STANDARD = "gnu++14";
				CLANG_CXX_LIBRARY = "libc++";
				CLANG_ENABLE_MODULES = YES;
				CLANG_ENABLE_OBJC_ARC = YES;
				CLANG_ENABLE_OBJC_WEAK = YES;
				CLANG_WARN_BLOCK_CAPTURE_AUTORELEASING = YES;
				CLANG_WARN_BOOL_CONVERSION = YES;
				CLANG_WARN_COMMA = YES;
				CLANG_WARN_CONSTANT_CONVERSION = YES;
				CLANG_WARN_DEPRECATED_OBJC_IMPLEMENTATIONS = YES;
				CLANG_WARN_DIRECT_OBJC_ISA_USAGE = YES_ERROR;
				CLANG_WARN_DOCUMENTATION_COMMENTS = YES;
				CLANG_WARN_EMPTY_BODY = YES;
				CLANG_WARN_ENUM_CONVERSION = YES;
				CLANG_WARN_INFINITE_RECURSION = YES;
				CLANG_WARN_INT_CONVERSION = YES;
				CLANG_WARN_NON_LITERAL_NULL_CONVERSION = YES;
				CLANG_WARN_OBJC_IMPLICIT_RETAIN_SELF = YES;
				CLANG_WARN_OBJC_LITERAL_CONVERSION = YES;
				CLANG_WARN_OBJC_ROOT_CLASS = YES_ERROR;
				CLANG_WARN_QUOTED_INCLUDE_IN_FRAMEWORK_HEADER = YES;
				CLANG_WARN_RANGE_LOOP_ANALYSIS = YES;
				CLANG_WARN_STRICT_PROTOTYPES = YES;
				CLANG_WARN_SUSPICIOUS_MOVE = YES;
				CLANG_WARN_UNGUARDED_AVAILABILITY = YES_AGGRESSIVE;
				CLANG_WARN_UNREACHABLE_CODE = YES;
				CLANG_WARN__DUPLICATE_METHOD_MATCH = YES;
				COPY_PHASE_STRIP = NO;
				DEBUG_INFORMATION_FORMAT = dwarf;
				ENABLE_STRICT_OBJC_MSGSEND = YES;
				ENABLE_TESTABILITY = YES;
				GCC_C_LANGUAGE_STANDARD = gnu11;
				GCC_DYNAMIC_NO_PIC = NO;
				GCC_NO_COMMON_BLOCKS = YES;
				GCC_OPTIMIZATION_LEVEL = 0;
				GCC_PREPROCESSOR_DEFINITIONS = (
					"DEBUG=1",
					"$(inherited)",
				);
				GCC_WARN_64_TO_32_BIT_CONVERSION = YES;
				GCC_WARN_ABOUT_RETURN_TYPE = YES_ERROR;
				GCC_WARN_UNDECLARED_SELECTOR = YES;
				GCC_WARN_UNINITIALIZED_AUTOS = YES_AGGRESSIVE;
				GCC_WARN_UNUSED_FUNCTION = YES;
				GCC_WARN_UNUSED_VARIABLE = YES;
				IPHONEOS_DEPLOYMENT_TARGET = 14.4;
				MTL_ENABLE_DEBUG_INFO = INCLUDE_SOURCE;
				MTL_FAST_MATH = YES;
				ONLY_ACTIVE_ARCH = YES;
				SDKROOT = iphoneos;
				SWIFT_ACTIVE_COMPILATION_CONDITIONS = DEBUG;
				SWIFT_OPTIMIZATION_LEVEL = "-Onone";
			};
			name = Debug;
		};
		179C566A25DAA5F7003507D1 /* Release */ = {
			isa = XCBuildConfiguration;
			buildSettings = {
				ALWAYS_SEARCH_USER_PATHS = NO;
				CLANG_ANALYZER_NONNULL = YES;
				CLANG_ANALYZER_NUMBER_OBJECT_CONVERSION = YES_AGGRESSIVE;
				CLANG_CXX_LANGUAGE_STANDARD = "gnu++14";
				CLANG_CXX_LIBRARY = "libc++";
				CLANG_ENABLE_MODULES = YES;
				CLANG_ENABLE_OBJC_ARC = YES;
				CLANG_ENABLE_OBJC_WEAK = YES;
				CLANG_WARN_BLOCK_CAPTURE_AUTORELEASING = YES;
				CLANG_WARN_BOOL_CONVERSION = YES;
				CLANG_WARN_COMMA = YES;
				CLANG_WARN_CONSTANT_CONVERSION = YES;
				CLANG_WARN_DEPRECATED_OBJC_IMPLEMENTATIONS = YES;
				CLANG_WARN_DIRECT_OBJC_ISA_USAGE = YES_ERROR;
				CLANG_WARN_DOCUMENTATION_COMMENTS = YES;
				CLANG_WARN_EMPTY_BODY = YES;
				CLANG_WARN_ENUM_CONVERSION = YES;
				CLANG_WARN_INFINITE_RECURSION = YES;
				CLANG_WARN_INT_CONVERSION = YES;
				CLANG_WARN_NON_LITERAL_NULL_CONVERSION = YES;
				CLANG_WARN_OBJC_IMPLICIT_RETAIN_SELF = YES;
				CLANG_WARN_OBJC_LITERAL_CONVERSION = YES;
				CLANG_WARN_OBJC_ROOT_CLASS = YES_ERROR;
				CLANG_WARN_QUOTED_INCLUDE_IN_FRAMEWORK_HEADER = YES;
				CLANG_WARN_RANGE_LOOP_ANALYSIS = YES;
				CLANG_WARN_STRICT_PROTOTYPES = YES;
				CLANG_WARN_SUSPICIOUS_MOVE = YES;
				CLANG_WARN_UNGUARDED_AVAILABILITY = YES_AGGRESSIVE;
				CLANG_WARN_UNREACHABLE_CODE = YES;
				CLANG_WARN__DUPLICATE_METHOD_MATCH = YES;
				COPY_PHASE_STRIP = NO;
				DEBUG_INFORMATION_FORMAT = "dwarf-with-dsym";
				ENABLE_NS_ASSERTIONS = NO;
				ENABLE_STRICT_OBJC_MSGSEND = YES;
				GCC_C_LANGUAGE_STANDARD = gnu11;
				GCC_NO_COMMON_BLOCKS = YES;
				GCC_WARN_64_TO_32_BIT_CONVERSION = YES;
				GCC_WARN_ABOUT_RETURN_TYPE = YES_ERROR;
				GCC_WARN_UNDECLARED_SELECTOR = YES;
				GCC_WARN_UNINITIALIZED_AUTOS = YES_AGGRESSIVE;
				GCC_WARN_UNUSED_FUNCTION = YES;
				GCC_WARN_UNUSED_VARIABLE = YES;
				IPHONEOS_DEPLOYMENT_TARGET = 14.4;
				MTL_ENABLE_DEBUG_INFO = NO;
				MTL_FAST_MATH = YES;
				SDKROOT = iphoneos;
				SWIFT_COMPILATION_MODE = wholemodule;
				SWIFT_OPTIMIZATION_LEVEL = "-O";
				VALIDATE_PRODUCT = YES;
			};
			name = Release;
		};
		179C566C25DAA5F7003507D1 /* Debug */ = {
			isa = XCBuildConfiguration;
			buildSettings = {
				ASSETCATALOG_COMPILER_APPICON_NAME = AppIcon;
				ASSETCATALOG_COMPILER_GLOBAL_ACCENT_COLOR_NAME = AccentColor;
				CODE_SIGN_STYLE = Automatic;
				DEVELOPMENT_ASSET_PATHS = "\"MyLibrary/Preview Content\"";
				DEVELOPMENT_TEAM = 2QC8C374PG;
				ENABLE_PREVIEWS = YES;
				INFOPLIST_FILE = MyLibrary/Info.plist;
				IPHONEOS_DEPLOYMENT_TARGET = 14.0;
				LD_RUNPATH_SEARCH_PATHS = (
					"$(inherited)",
					"@executable_path/Frameworks",
				);
				PRODUCT_BUNDLE_IDENTIFIER = br.ufpe.cin.academy..MyLibrary;
				PRODUCT_NAME = "$(TARGET_NAME)";
				SWIFT_VERSION = 5.0;
				TARGETED_DEVICE_FAMILY = "1,2";
			};
			name = Debug;
		};
		179C566D25DAA5F7003507D1 /* Release */ = {
			isa = XCBuildConfiguration;
			buildSettings = {
				ASSETCATALOG_COMPILER_APPICON_NAME = AppIcon;
				ASSETCATALOG_COMPILER_GLOBAL_ACCENT_COLOR_NAME = AccentColor;
				CODE_SIGN_STYLE = Automatic;
				DEVELOPMENT_ASSET_PATHS = "\"MyLibrary/Preview Content\"";
				DEVELOPMENT_TEAM = 2QC8C374PG;
				ENABLE_PREVIEWS = YES;
				INFOPLIST_FILE = MyLibrary/Info.plist;
				IPHONEOS_DEPLOYMENT_TARGET = 14.0;
				LD_RUNPATH_SEARCH_PATHS = (
					"$(inherited)",
					"@executable_path/Frameworks",
				);
				PRODUCT_BUNDLE_IDENTIFIER = br.ufpe.cin.academy..MyLibrary;
				PRODUCT_NAME = "$(TARGET_NAME)";
				SWIFT_VERSION = 5.0;
				TARGETED_DEVICE_FAMILY = "1,2";
			};
			name = Release;
		};
/* End XCBuildConfiguration section */

/* Begin XCConfigurationList section */
		179C565725DAA5F6003507D1 /* Build configuration list for PBXProject "MyLibrary" */ = {
			isa = XCConfigurationList;
			buildConfigurations = (
				179C566925DAA5F7003507D1 /* Debug */,
				179C566A25DAA5F7003507D1 /* Release */,
			);
			defaultConfigurationIsVisible = 0;
			defaultConfigurationName = Release;
		};
		179C566B25DAA5F7003507D1 /* Build configuration list for PBXNativeTarget "MyLibrary" */ = {
			isa = XCConfigurationList;
			buildConfigurations = (
				179C566C25DAA5F7003507D1 /* Debug */,
				179C566D25DAA5F7003507D1 /* Release */,
			);
			defaultConfigurationIsVisible = 0;
			defaultConfigurationName = Release;
		};
/* End XCConfigurationList section */
	};
	rootObject = 179C565425DAA5F6003507D1 /* Project object */;
}
